
Microsoft Visual Studio Solution File, Format Version 12.00
# Visual Studio Version 17
VisualStudioVersion = 17.8.34511.84
MinimumVisualStudioVersion = 10.0.40219.1
Project("{FAE04EC0-301F-11D3-BF4B-00C04F79EFBC}") = "AvaloniaApplication1", "AvaloniaApplication1\AvaloniaApplication1.csproj", "{73676BD3-6026-42FB-975E-53CFF7BF1DF6}"
EndProject
Global
	GlobalSection(SolutionConfigurationPlatforms) = preSolution
		Debug|Any CPU = Debug|Any CPU
		Release|Any CPU = Release|Any CPU
	EndGlobalSection
	GlobalSection(ProjectConfigurationPlatforms) = postSolution
		{73676BD3-6026-42FB-975E-53CFF7BF1DF6}.Debug|Any CPU.ActiveCfg = Debug|Any CPU
		{73676BD3-6026-42FB-975E-53CFF7BF1DF6}.Debug|Any CPU.Build.0 = Debug|Any CPU
		{73676BD3-6026-42FB-975E-53CFF7BF1DF6}.Release|Any CPU.ActiveCfg = Release|Any CPU
		{73676BD3-6026-42FB-975E-53CFF7BF1DF6}.Release|Any CPU.Build.0 = Release|Any CPU
	EndGlobalSection
	GlobalSection(SolutionProperties) = preSolution
		HideSolutionNode = FALSE
	EndGlobalSection
	GlobalSection(ExtensibilityGlobals) = postSolution
		SolutionGuid = {74088C2C-1937-4353-8E8D-5747591AAE37}
	EndGlobalSection
EndGlobal
